
Microsoft Visual Studio Solution File, Format Version 12.00
# Visual Studio Version 17
VisualStudioVersion = 17.0.32126.317
MinimumVisualStudioVersion = 10.0.40219.1
Project("{FAE04EC0-301F-11D3-BF4B-00C04F79EFBC}") = "odev1", "odev1\odev1.csproj", "{7AD46B59-1955-4E1A-BBB0-038F52D23242}"
EndProject
Global
	GlobalSection(SolutionConfigurationPlatforms) = preSolution
		Debug|Any CPU = Debug|Any CPU
		Release|Any CPU = Release|Any CPU
	EndGlobalSection
	GlobalSection(ProjectConfigurationPlatforms) = postSolution
		{7AD46B59-1955-4E1A-BBB0-038F52D23242}.Debug|Any CPU.ActiveCfg = Debug|Any CPU
		{7AD46B59-1955-4E1A-BBB0-038F52D23242}.Debug|Any CPU.Build.0 = Debug|Any CPU
		{7AD46B59-1955-4E1A-BBB0-038F52D23242}.Release|Any CPU.ActiveCfg = Release|Any CPU
		{7AD46B59-1955-4E1A-BBB0-038F52D23242}.Release|Any CPU.Build.0 = Release|Any CPU
	EndGlobalSection
	GlobalSection(SolutionProperties) = preSolution
		HideSolutionNode = FALSE
	EndGlobalSection
	GlobalSection(ExtensibilityGlobals) = postSolution
		SolutionGuid = {A47B7CB5-AC82-4DFB-8563-F90699F56501}
	EndGlobalSection
EndGlobal
